
Microsoft Visual Studio Solution File, Format Version 12.00
Project("{FAE04EC0-301F-11D3-BF4B-00C04F79EFBC}") = "QCM", "QCM.csproj", "{B6224165-6A8B-47D5-8885-0B9B8D07780B}"
EndProject
Global
	GlobalSection(SolutionConfigurationPlatforms) = preSolution
		Debug|Any CPU = Debug|Any CPU
		Release|Any CPU = Release|Any CPU
	EndGlobalSection
	GlobalSection(ProjectConfigurationPlatforms) = postSolution
		{B6224165-6A8B-47D5-8885-0B9B8D07780B}.Debug|Any CPU.ActiveCfg = Debug|Any CPU
		{B6224165-6A8B-47D5-8885-0B9B8D07780B}.Debug|Any CPU.Build.0 = Debug|Any CPU
		{B6224165-6A8B-47D5-8885-0B9B8D07780B}.Release|Any CPU.ActiveCfg = Release|Any CPU
		{B6224165-6A8B-47D5-8885-0B9B8D07780B}.Release|Any CPU.Build.0 = Release|Any CPU
	EndGlobalSection
EndGlobal
