
Microsoft Visual Studio Solution File, Format Version 12.00
Project("{FAE04EC0-301F-11D3-BF4B-00C04F79EFBC}") = "ChangerLaCasse", "ChangerLaCasse.csproj", "{CE938C5B-ECDA-4228-83F2-AD565C516CB9}"
EndProject
Global
	GlobalSection(SolutionConfigurationPlatforms) = preSolution
		Debug|Any CPU = Debug|Any CPU
		Release|Any CPU = Release|Any CPU
	EndGlobalSection
	GlobalSection(ProjectConfigurationPlatforms) = postSolution
		{CE938C5B-ECDA-4228-83F2-AD565C516CB9}.Debug|Any CPU.ActiveCfg = Debug|Any CPU
		{CE938C5B-ECDA-4228-83F2-AD565C516CB9}.Debug|Any CPU.Build.0 = Debug|Any CPU
		{CE938C5B-ECDA-4228-83F2-AD565C516CB9}.Release|Any CPU.ActiveCfg = Release|Any CPU
		{CE938C5B-ECDA-4228-83F2-AD565C516CB9}.Release|Any CPU.Build.0 = Release|Any CPU
	EndGlobalSection
EndGlobal
